
Microsoft Visual Studio Solution File, Format Version 12.00
# Visual Studio Version 16
VisualStudioVersion = 16.0.32228.343
MinimumVisualStudioVersion = 10.0.40219.1
Project("{2150E333-8FDC-42A3-9474-1A3956D46DE8}") = "Sample", "Sample", "{D3A898AD-4939-4C13-94DA-3809A444FBCE}"
EndProject
Project("{FAE04EC0-301F-11D3-BF4B-00C04F79EFBC}") = "ConsoleApp0411", "Sample\ConsoleApp0411\ConsoleApp0411.csproj", "{41C7FE38-461C-44E6-B821-BE677C496DDE}"
EndProject
Project("{FAE04EC0-301F-11D3-BF4B-00C04F79EFBC}") = "WindowsFormsApp1", "Sample\WindowsFormsApp1\WindowsFormsApp1.csproj", "{8ACCEC43-6F47-48DB-84EF-CB7A326B71D1}"
EndProject
Project("{FAE04EC0-301F-11D3-BF4B-00C04F79EFBC}") = "BallApp", "Sample\BallApp\BallApp.csproj", "{648B3D42-5BA3-4BA0-A4B8-D9EF1FBC9D4C}"
EndProject
Project("{2150E333-8FDC-42A3-9474-1A3956D46DE8}") = "Chapter01", "Chapter01", "{135F80D9-0E36-4270-8B3D-6E86910C2D74}"
EndProject
Project("{FAE04EC0-301F-11D3-BF4B-00C04F79EFBC}") = "ProductSample", "Chapter01\Product\ProductSample.csproj", "{99D3BC2C-5100-44DD-A3A6-B8B75B77D420}"
EndProject
Project("{2150E333-8FDC-42A3-9474-1A3956D46DE8}") = "Chapter02", "Chapter02", "{0667996E-3BAD-4DB4-9ED4-F8C4C468A266}"
EndProject
Project("{2150E333-8FDC-42A3-9474-1A3956D46DE8}") = "距離換算プログラム", "距離換算プログラム", "{AFE4230E-F690-46F9-8718-7535191FF559}"
EndProject
Project("{FAE04EC0-301F-11D3-BF4B-00C04F79EFBC}") = "DistanceConverter", "Chapter02\距離換算プログラム\DistanceConverter\DistanceConverter.csproj", "{6AC70A33-BCDA-44D1-AFAC-7C0A317A705F}"
EndProject
Project("{2150E333-8FDC-42A3-9474-1A3956D46DE8}") = "売り上げ集計プログラム", "売り上げ集計プログラム", "{E8DE0930-6D41-4580-A616-C94BCE3ABB79}"
EndProject
Project("{FAE04EC0-301F-11D3-BF4B-00C04F79EFBC}") = "SalesCalculator", "Chapter02\売り上げ集計プログラム\SalesCalculator\SalesCalculator.csproj", "{02B38E97-E584-4B81-90DE-C85850EE2D72}"
EndProject
Project("{2150E333-8FDC-42A3-9474-1A3956D46DE8}") = "演習問題", "演習問題", "{0A73AC8D-E095-44AA-ABAE-3B4575352589}"
EndProject
Project("{FAE04EC0-301F-11D3-BF4B-00C04F79EFBC}") = "Exercise01", "Chapter02\演習問題\Exercise01\Exercise01.csproj", "{53281DA6-1934-4471-B5A7-A7037C2E37ED}"
EndProject
Project("{FAE04EC0-301F-11D3-BF4B-00C04F79EFBC}") = "Exercise02", "Chapter02\演習問題\Exercise02\Exercise02.csproj", "{759524C3-1A7B-4FA6-8713-B682CFB59255}"
EndProject
Project("{FAE04EC0-301F-11D3-BF4B-00C04F79EFBC}") = "Exercise03", "Chapter02\演習問題\Exercise03\Exercise03.csproj", "{8F26A750-7822-40B3-ACF2-78F465C917E9}"
EndProject
Project("{2150E333-8FDC-42A3-9474-1A3956D46DE8}") = "Chapter03", "Chapter03", "{E57A67F3-1690-4A27-902A-A03DD1850E60}"
EndProject
Project("{FAE04EC0-301F-11D3-BF4B-00C04F79EFBC}") = "Section01", "Chapter03\Section01\Section01.csproj", "{2D8995AA-308B-414B-B80C-50703C583236}"
EndProject
Project("{FAE04EC0-301F-11D3-BF4B-00C04F79EFBC}") = "Section03", "Chapter03\Section03\Section03.csproj", "{EA01C8F0-1B5B-4D4B-BEA3-0FF2846AB8E0}"
EndProject
Project("{FAE04EC0-301F-11D3-BF4B-00C04F79EFBC}") = "Section04", "Chapter03\Section04\Section04.csproj", "{934D3D4E-B22B-494B-A05F-89D5508FF980}"
EndProject
Project("{2150E333-8FDC-42A3-9474-1A3956D46DE8}") = "演習問題", "演習問題", "{2C49457B-F0EA-4BB0-8E21-28E52D7BA424}"
EndProject
Project("{FAE04EC0-301F-11D3-BF4B-00C04F79EFBC}") = "Exercise01", "Chapter03\演習問題\Exercise01\Exercise01.csproj", "{9A2E34FA-0696-4343-A7DD-F6709C9914BB}"
EndProject
Project("{FAE04EC0-301F-11D3-BF4B-00C04F79EFBC}") = "Exercise02", "Chapter03\演習問題\Exercise02\Exercise02.csproj", "{E500046A-5A28-469E-9102-D45B31767995}"
EndProject
Project("{2150E333-8FDC-42A3-9474-1A3956D46DE8}") = "Chapter04", "Chapter04", "{166EA248-B228-4BC9-A9F9-2260B5BC0CF0}"
EndProject
Project("{2150E333-8FDC-42A3-9474-1A3956D46DE8}") = "P115_条件演算子・null合体演算子", "P115_条件演算子・null合体演算子", "{E921D95B-809E-42B3-98B4-8F84BA1BFEAA}"
EndProject
Project("{FAE04EC0-301F-11D3-BF4B-00C04F79EFBC}") = "Section04", "Chapter04\条件演算子・null合体演算子\Section04\Section04.csproj", "{857F2A37-6706-4119-9116-0EAE1289B24B}"
EndProject
Project("{2150E333-8FDC-42A3-9474-1A3956D46DE8}") = "P126_TryParse", "P126_TryParse", "{842494DC-6043-46F2-8ADF-3234F50676EA}"
EndProject
Project("{FAE04EC0-301F-11D3-BF4B-00C04F79EFBC}") = "Section07", "Chapter04\TryParse\Section07\Section07.csproj", "{01CD85C6-73BD-44AC-8ED9-BDF538408212}"
EndProject
Project("{2150E333-8FDC-42A3-9474-1A3956D46DE8}") = "演習問題", "演習問題", "{EBF30C0B-16F5-49C0-AB09-ADE633A24392}"
EndProject
Project("{FAE04EC0-301F-11D3-BF4B-00C04F79EFBC}") = "Exercise01", "Chapter04\演習問題\Exercise01\Exercise01.csproj", "{82B0E6DC-1C13-416E-8593-C2645C43AD3C}"
EndProject
Project("{FAE04EC0-301F-11D3-BF4B-00C04F79EFBC}") = "Exercise02", "Chapter04\演習問題\Exercise02\Exercise02.csproj", "{05C240E1-E335-4D4D-B157-A16C64066D01}"
EndProject
Project("{2150E333-8FDC-42A3-9474-1A3956D46DE8}") = "Chapter05", "Chapter05", "{0366CC1F-7532-4429-B28B-6C6FC69FCA7A}"
EndProject
Project("{2150E333-8FDC-42A3-9474-1A3956D46DE8}") = "演習問題", "演習問題", "{65F16439-F797-4EC7-95AD-97AFAF69A108}"
EndProject
Project("{FAE04EC0-301F-11D3-BF4B-00C04F79EFBC}") = "Exercise01", "Chapter05\演習問題\Exercise01\Exercise01.csproj", "{D1399218-0B59-4890-82C5-E508A8B09D82}"
EndProject
Project("{FAE04EC0-301F-11D3-BF4B-00C04F79EFBC}") = "Exercise02", "Chapter05\演習問題\Exercise02\Exercise02.csproj", "{8BC5279B-3A07-4365-A74F-BEBE743E87E8}"
EndProject
Project("{FAE04EC0-301F-11D3-BF4B-00C04F79EFBC}") = "Exercise03", "Chapter05\演習問題\Exercise03\Exercise03.csproj", "{E1AA0BF1-43DD-4913-A475-EBC06826F450}"
EndProject
Project("{FAE04EC0-301F-11D3-BF4B-00C04F79EFBC}") = "Exercise04", "Chapter05\演習問題\Exercise05\Exercise04.csproj", "{CD2FFD6F-A017-4ADB-A081-22F93ED29D78}"
EndProject
Project("{2150E333-8FDC-42A3-9474-1A3956D46DE8}") = "Chapter06", "Chapter06", "{0373988D-71FE-4984-8454-7449DC533527}"
EndProject
Project("{FAE04EC0-301F-11D3-BF4B-00C04F79EFBC}") = "Section01", "Chapter06\Section01\Section01.csproj", "{8C5E9E6F-D2A8-43DA-8690-51BEF43ABA7C}"
EndProject
Project("{FAE04EC0-301F-11D3-BF4B-00C04F79EFBC}") = "Section02", "Chapter06\Section02\Section02.csproj", "{C8195C53-79F2-427D-A998-ABA6A76CAECB}"
EndProject
Project("{2150E333-8FDC-42A3-9474-1A3956D46DE8}") = "演習問題", "演習問題", "{7E1B06F1-B8ED-41DE-A4BA-4E60E31E3E57}"
EndProject
Project("{FAE04EC0-301F-11D3-BF4B-00C04F79EFBC}") = "Exercise01", "Chapter06\演習問題\Exercise01\Exercise01.csproj", "{203CD4B5-BBB1-4AC6-BEB2-356D63681D80}"
EndProject
Project("{FAE04EC0-301F-11D3-BF4B-00C04F79EFBC}") = "Exercise02", "Chapter06\演習問題\Exercise02\Exercise02.csproj", "{B80E5FDF-B977-420A-8D76-02CE34ADA41B}"
EndProject
Project("{2150E333-8FDC-42A3-9474-1A3956D46DE8}") = "試験01", "試験01", "{65046AC1-B19B-486B-AADC-EC913FCAA0B0}"
EndProject
Project("{FAE04EC0-301F-11D3-BF4B-00C04F79EFBC}") = "Test01", "TestProject\Test01\Test01.csproj", "{2BFACDC3-F44D-4199-8498-F5C3C4AC0335}"
EndProject
Project("{FAE04EC0-301F-11D3-BF4B-00C04F79EFBC}") = "Test02", "TestProject\Test02\Test02.csproj", "{E461C0A8-8900-485C-B520-E929BA33F712}"
EndProject
Project("{2150E333-8FDC-42A3-9474-1A3956D46DE8}") = "Chapter07", "Chapter07", "{A97CB77C-10AC-428E-9ED2-F9D4ABD9079E}"
EndProject
Project("{FAE04EC0-301F-11D3-BF4B-00C04F79EFBC}") = "Section01", "Chapter07\Section01\Section01.csproj", "{CCF2793D-F568-4AC2-8426-8F8F13425DF3}"
EndProject
Project("{FAE04EC0-301F-11D3-BF4B-00C04F79EFBC}") = "Section02", "Chapter07\Section02\Section02.csproj", "{E3C73D6F-3A0B-47B5-A626-BFD31699B343}"
EndProject
Project("{FAE04EC0-301F-11D3-BF4B-00C04F79EFBC}") = "Section03", "Chapter07\Section03\Section03.csproj", "{1DEA60F8-1130-4B79-A06B-B4DEB6E41CAA}"
EndProject
Project("{2150E333-8FDC-42A3-9474-1A3956D46DE8}") = "演習問題", "演習問題", "{ABEFA06B-57D4-4680-B979-F13814C4E455}"
EndProject
Project("{FAE04EC0-301F-11D3-BF4B-00C04F79EFBC}") = "Exercise01", "Chapter07\演習問題\Exercise01\Exercise01.csproj", "{2DD347C4-3EB7-493F-B7A3-98C59D5552C4}"
EndProject
Project("{FAE04EC0-301F-11D3-BF4B-00C04F79EFBC}") = "Exercise02", "Chapter07\演習問題\Exercise02\Exercise02.csproj", "{D9D49DB9-A767-4070-91EE-CBBC23BCEE9F}"
EndProject
Project("{2150E333-8FDC-42A3-9474-1A3956D46DE8}") = "Chapter08", "Chapter08", "{D37E6CDD-B106-45AE-922E-C45635CBB091}"
EndProject
Project("{2150E333-8FDC-42A3-9474-1A3956D46DE8}") = "演習問題", "演習問題", "{D6A88F29-CB0E-40F8-B756-42E2195EFD7A}"
EndProject
Project("{FAE04EC0-301F-11D3-BF4B-00C04F79EFBC}") = "Exercise01", "Chapter08\演習問題\Exercise01\Exercise01.csproj", "{CB4B103A-234D-4CB9-80D7-0470E03BB4E0}"
EndProject
Project("{FAE04EC0-301F-11D3-BF4B-00C04F79EFBC}") = "Exercise02", "Chapter08\演習問題\Exercise02\Exercise02.csproj", "{378833DF-2B86-41D9-8BF8-8B1A2D8664C4}"
EndProject
Project("{FAE04EC0-301F-11D3-BF4B-00C04F79EFBC}") = "Exercise03", "Chapter08\演習問題\Exercise03\Exercise03.csproj", "{D614FA80-D264-4E2D-B07B-9515A14F9D1E}"
EndProject
Project("{2150E333-8FDC-42A3-9474-1A3956D46DE8}") = "フォームアプリケーション", "フォームアプリケーション", "{AC47BF59-AAF9-4CE0-9146-50B3E0EB241A}"
EndProject
Project("{FAE04EC0-301F-11D3-BF4B-00C04F79EFBC}") = "CalendarApp", "Chapter08\フォームアプリケーション\CalendarApp\CalendarApp.csproj", "{72F9A0B4-C40E-4A61-AD33-EEE562C6DA00}"
EndProject
Project("{2150E333-8FDC-42A3-9474-1A3956D46DE8}") = "FormApps", "FormApps", "{ED33E0FC-F2F8-4D22-A2A3-4D3E6408707F}"
EndProject
Project("{FAE04EC0-301F-11D3-BF4B-00C04F79EFBC}") = "CarReportSystem", "FormApps\CarReportSystem\CarReportSystem.csproj", "{85072CF0-30F7-4CC9-AAD5-2583E5AE8EB7}"
EndProject
Project("{2150E333-8FDC-42A3-9474-1A3956D46DE8}") = "Chapter13", "Chapter13", "{1E198269-3841-46A0-88DC-74610F29F5EC}"
EndProject
Project("{FAE04EC0-301F-11D3-BF4B-00C04F79EFBC}") = "SampleEntityFramework", "Chapter13\SampleEntityFramework\SampleEntityFramework.csproj", "{7B2600BF-3B72-4C84-BC3F-5DB4C5944129}"
EndProject
Project("{2150E333-8FDC-42A3-9474-1A3956D46DE8}") = "Chapter14", "Chapter14", "{DA9E2E71-A476-483B-8728-A4B8BDBB7875}"
EndProject
Project("{FAE04EC0-301F-11D3-BF4B-00C04F79EFBC}") = "Section01", "Chapter14\Section01\Section01.csproj", "{8FA75009-4798-40B4-9EEA-722E86342EEF}"
EndProject
Global
	GlobalSection(SolutionConfigurationPlatforms) = preSolution
		Debug|Any CPU = Debug|Any CPU
		Release|Any CPU = Release|Any CPU
	EndGlobalSection
	GlobalSection(ProjectConfigurationPlatforms) = postSolution
		{41C7FE38-461C-44E6-B821-BE677C496DDE}.Debug|Any CPU.ActiveCfg = Debug|Any CPU
		{41C7FE38-461C-44E6-B821-BE677C496DDE}.Debug|Any CPU.Build.0 = Debug|Any CPU
		{41C7FE38-461C-44E6-B821-BE677C496DDE}.Release|Any CPU.ActiveCfg = Release|Any CPU
		{41C7FE38-461C-44E6-B821-BE677C496DDE}.Release|Any CPU.Build.0 = Release|Any CPU
		{8ACCEC43-6F47-48DB-84EF-CB7A326B71D1}.Debug|Any CPU.ActiveCfg = Debug|Any CPU
		{8ACCEC43-6F47-48DB-84EF-CB7A326B71D1}.Debug|Any CPU.Build.0 = Debug|Any CPU
		{8ACCEC43-6F47-48DB-84EF-CB7A326B71D1}.Release|Any CPU.ActiveCfg = Release|Any CPU
		{8ACCEC43-6F47-48DB-84EF-CB7A326B71D1}.Release|Any CPU.Build.0 = Release|Any CPU
		{648B3D42-5BA3-4BA0-A4B8-D9EF1FBC9D4C}.Debug|Any CPU.ActiveCfg = Debug|Any CPU
		{648B3D42-5BA3-4BA0-A4B8-D9EF1FBC9D4C}.Debug|Any CPU.Build.0 = Debug|Any CPU
		{648B3D42-5BA3-4BA0-A4B8-D9EF1FBC9D4C}.Release|Any CPU.ActiveCfg = Release|Any CPU
		{648B3D42-5BA3-4BA0-A4B8-D9EF1FBC9D4C}.Release|Any CPU.Build.0 = Release|Any CPU
		{99D3BC2C-5100-44DD-A3A6-B8B75B77D420}.Debug|Any CPU.ActiveCfg = Debug|Any CPU
		{99D3BC2C-5100-44DD-A3A6-B8B75B77D420}.Debug|Any CPU.Build.0 = Debug|Any CPU
		{99D3BC2C-5100-44DD-A3A6-B8B75B77D420}.Release|Any CPU.ActiveCfg = Release|Any CPU
		{99D3BC2C-5100-44DD-A3A6-B8B75B77D420}.Release|Any CPU.Build.0 = Release|Any CPU
		{6AC70A33-BCDA-44D1-AFAC-7C0A317A705F}.Debug|Any CPU.ActiveCfg = Debug|Any CPU
		{6AC70A33-BCDA-44D1-AFAC-7C0A317A705F}.Debug|Any CPU.Build.0 = Debug|Any CPU
		{6AC70A33-BCDA-44D1-AFAC-7C0A317A705F}.Release|Any CPU.ActiveCfg = Release|Any CPU
		{6AC70A33-BCDA-44D1-AFAC-7C0A317A705F}.Release|Any CPU.Build.0 = Release|Any CPU
		{02B38E97-E584-4B81-90DE-C85850EE2D72}.Debug|Any CPU.ActiveCfg = Debug|Any CPU
		{02B38E97-E584-4B81-90DE-C85850EE2D72}.Debug|Any CPU.Build.0 = Debug|Any CPU
		{02B38E97-E584-4B81-90DE-C85850EE2D72}.Release|Any CPU.ActiveCfg = Release|Any CPU
		{02B38E97-E584-4B81-90DE-C85850EE2D72}.Release|Any CPU.Build.0 = Release|Any CPU
		{53281DA6-1934-4471-B5A7-A7037C2E37ED}.Debug|Any CPU.ActiveCfg = Debug|Any CPU
		{53281DA6-1934-4471-B5A7-A7037C2E37ED}.Debug|Any CPU.Build.0 = Debug|Any CPU
		{53281DA6-1934-4471-B5A7-A7037C2E37ED}.Release|Any CPU.ActiveCfg = Release|Any CPU
		{53281DA6-1934-4471-B5A7-A7037C2E37ED}.Release|Any CPU.Build.0 = Release|Any CPU
		{759524C3-1A7B-4FA6-8713-B682CFB59255}.Debug|Any CPU.ActiveCfg = Debug|Any CPU
		{759524C3-1A7B-4FA6-8713-B682CFB59255}.Debug|Any CPU.Build.0 = Debug|Any CPU
		{759524C3-1A7B-4FA6-8713-B682CFB59255}.Release|Any CPU.ActiveCfg = Release|Any CPU
		{759524C3-1A7B-4FA6-8713-B682CFB59255}.Release|Any CPU.Build.0 = Release|Any CPU
		{8F26A750-7822-40B3-ACF2-78F465C917E9}.Debug|Any CPU.ActiveCfg = Debug|Any CPU
		{8F26A750-7822-40B3-ACF2-78F465C917E9}.Debug|Any CPU.Build.0 = Debug|Any CPU
		{8F26A750-7822-40B3-ACF2-78F465C917E9}.Release|Any CPU.ActiveCfg = Release|Any CPU
		{8F26A750-7822-40B3-ACF2-78F465C917E9}.Release|Any CPU.Build.0 = Release|Any CPU
		{2D8995AA-308B-414B-B80C-50703C583236}.Debug|Any CPU.ActiveCfg = Debug|Any CPU
		{2D8995AA-308B-414B-B80C-50703C583236}.Debug|Any CPU.Build.0 = Debug|Any CPU
		{2D8995AA-308B-414B-B80C-50703C583236}.Release|Any CPU.ActiveCfg = Release|Any CPU
		{2D8995AA-308B-414B-B80C-50703C583236}.Release|Any CPU.Build.0 = Release|Any CPU
		{EA01C8F0-1B5B-4D4B-BEA3-0FF2846AB8E0}.Debug|Any CPU.ActiveCfg = Debug|Any CPU
		{EA01C8F0-1B5B-4D4B-BEA3-0FF2846AB8E0}.Debug|Any CPU.Build.0 = Debug|Any CPU
		{EA01C8F0-1B5B-4D4B-BEA3-0FF2846AB8E0}.Release|Any CPU.ActiveCfg = Release|Any CPU
		{EA01C8F0-1B5B-4D4B-BEA3-0FF2846AB8E0}.Release|Any CPU.Build.0 = Release|Any CPU
		{934D3D4E-B22B-494B-A05F-89D5508FF980}.Debug|Any CPU.ActiveCfg = Debug|Any CPU
		{934D3D4E-B22B-494B-A05F-89D5508FF980}.Debug|Any CPU.Build.0 = Debug|Any CPU
		{934D3D4E-B22B-494B-A05F-89D5508FF980}.Release|Any CPU.ActiveCfg = Release|Any CPU
		{934D3D4E-B22B-494B-A05F-89D5508FF980}.Release|Any CPU.Build.0 = Release|Any CPU
		{9A2E34FA-0696-4343-A7DD-F6709C9914BB}.Debug|Any CPU.ActiveCfg = Debug|Any CPU
		{9A2E34FA-0696-4343-A7DD-F6709C9914BB}.Debug|Any CPU.Build.0 = Debug|Any CPU
		{9A2E34FA-0696-4343-A7DD-F6709C9914BB}.Release|Any CPU.ActiveCfg = Release|Any CPU
		{9A2E34FA-0696-4343-A7DD-F6709C9914BB}.Release|Any CPU.Build.0 = Release|Any CPU
		{E500046A-5A28-469E-9102-D45B31767995}.Debug|Any CPU.ActiveCfg = Debug|Any CPU
		{E500046A-5A28-469E-9102-D45B31767995}.Debug|Any CPU.Build.0 = Debug|Any CPU
		{E500046A-5A28-469E-9102-D45B31767995}.Release|Any CPU.ActiveCfg = Release|Any CPU
		{E500046A-5A28-469E-9102-D45B31767995}.Release|Any CPU.Build.0 = Release|Any CPU
		{857F2A37-6706-4119-9116-0EAE1289B24B}.Debug|Any CPU.ActiveCfg = Debug|Any CPU
		{857F2A37-6706-4119-9116-0EAE1289B24B}.Debug|Any CPU.Build.0 = Debug|Any CPU
		{857F2A37-6706-4119-9116-0EAE1289B24B}.Release|Any CPU.ActiveCfg = Release|Any CPU
		{857F2A37-6706-4119-9116-0EAE1289B24B}.Release|Any CPU.Build.0 = Release|Any CPU
		{01CD85C6-73BD-44AC-8ED9-BDF538408212}.Debug|Any CPU.ActiveCfg = Debug|Any CPU
		{01CD85C6-73BD-44AC-8ED9-BDF538408212}.Debug|Any CPU.Build.0 = Debug|Any CPU
		{01CD85C6-73BD-44AC-8ED9-BDF538408212}.Release|Any CPU.ActiveCfg = Release|Any CPU
		{01CD85C6-73BD-44AC-8ED9-BDF538408212}.Release|Any CPU.Build.0 = Release|Any CPU
		{82B0E6DC-1C13-416E-8593-C2645C43AD3C}.Debug|Any CPU.ActiveCfg = Debug|Any CPU
		{82B0E6DC-1C13-416E-8593-C2645C43AD3C}.Debug|Any CPU.Build.0 = Debug|Any CPU
		{82B0E6DC-1C13-416E-8593-C2645C43AD3C}.Release|Any CPU.ActiveCfg = Release|Any CPU
		{82B0E6DC-1C13-416E-8593-C2645C43AD3C}.Release|Any CPU.Build.0 = Release|Any CPU
		{05C240E1-E335-4D4D-B157-A16C64066D01}.Debug|Any CPU.ActiveCfg = Debug|Any CPU
		{05C240E1-E335-4D4D-B157-A16C64066D01}.Debug|Any CPU.Build.0 = Debug|Any CPU
		{05C240E1-E335-4D4D-B157-A16C64066D01}.Release|Any CPU.ActiveCfg = Release|Any CPU
		{05C240E1-E335-4D4D-B157-A16C64066D01}.Release|Any CPU.Build.0 = Release|Any CPU
		{D1399218-0B59-4890-82C5-E508A8B09D82}.Debug|Any CPU.ActiveCfg = Debug|Any CPU
		{D1399218-0B59-4890-82C5-E508A8B09D82}.Debug|Any CPU.Build.0 = Debug|Any CPU
		{D1399218-0B59-4890-82C5-E508A8B09D82}.Release|Any CPU.ActiveCfg = Release|Any CPU
		{D1399218-0B59-4890-82C5-E508A8B09D82}.Release|Any CPU.Build.0 = Release|Any CPU
		{8BC5279B-3A07-4365-A74F-BEBE743E87E8}.Debug|Any CPU.ActiveCfg = Debug|Any CPU
		{8BC5279B-3A07-4365-A74F-BEBE743E87E8}.Debug|Any CPU.Build.0 = Debug|Any CPU
		{8BC5279B-3A07-4365-A74F-BEBE743E87E8}.Release|Any CPU.ActiveCfg = Release|Any CPU
		{8BC5279B-3A07-4365-A74F-BEBE743E87E8}.Release|Any CPU.Build.0 = Release|Any CPU
		{E1AA0BF1-43DD-4913-A475-EBC06826F450}.Debug|Any CPU.ActiveCfg = Debug|Any CPU
		{E1AA0BF1-43DD-4913-A475-EBC06826F450}.Debug|Any CPU.Build.0 = Debug|Any CPU
		{E1AA0BF1-43DD-4913-A475-EBC06826F450}.Release|Any CPU.ActiveCfg = Release|Any CPU
		{E1AA0BF1-43DD-4913-A475-EBC06826F450}.Release|Any CPU.Build.0 = Release|Any CPU
		{CD2FFD6F-A017-4ADB-A081-22F93ED29D78}.Debug|Any CPU.ActiveCfg = Debug|Any CPU
		{CD2FFD6F-A017-4ADB-A081-22F93ED29D78}.Debug|Any CPU.Build.0 = Debug|Any CPU
		{CD2FFD6F-A017-4ADB-A081-22F93ED29D78}.Release|Any CPU.ActiveCfg = Release|Any CPU
		{CD2FFD6F-A017-4ADB-A081-22F93ED29D78}.Release|Any CPU.Build.0 = Release|Any CPU
		{8C5E9E6F-D2A8-43DA-8690-51BEF43ABA7C}.Debug|Any CPU.ActiveCfg = Debug|Any CPU
		{8C5E9E6F-D2A8-43DA-8690-51BEF43ABA7C}.Debug|Any CPU.Build.0 = Debug|Any CPU
		{8C5E9E6F-D2A8-43DA-8690-51BEF43ABA7C}.Release|Any CPU.ActiveCfg = Release|Any CPU
		{8C5E9E6F-D2A8-43DA-8690-51BEF43ABA7C}.Release|Any CPU.Build.0 = Release|Any CPU
		{C8195C53-79F2-427D-A998-ABA6A76CAECB}.Debug|Any CPU.ActiveCfg = Debug|Any CPU
		{C8195C53-79F2-427D-A998-ABA6A76CAECB}.Debug|Any CPU.Build.0 = Debug|Any CPU
		{C8195C53-79F2-427D-A998-ABA6A76CAECB}.Release|Any CPU.ActiveCfg = Release|Any CPU
		{C8195C53-79F2-427D-A998-ABA6A76CAECB}.Release|Any CPU.Build.0 = Release|Any CPU
		{203CD4B5-BBB1-4AC6-BEB2-356D63681D80}.Debug|Any CPU.ActiveCfg = Debug|Any CPU
		{203CD4B5-BBB1-4AC6-BEB2-356D63681D80}.Debug|Any CPU.Build.0 = Debug|Any CPU
		{203CD4B5-BBB1-4AC6-BEB2-356D63681D80}.Release|Any CPU.ActiveCfg = Release|Any CPU
		{203CD4B5-BBB1-4AC6-BEB2-356D63681D80}.Release|Any CPU.Build.0 = Release|Any CPU
		{B80E5FDF-B977-420A-8D76-02CE34ADA41B}.Debug|Any CPU.ActiveCfg = Debug|Any CPU
		{B80E5FDF-B977-420A-8D76-02CE34ADA41B}.Debug|Any CPU.Build.0 = Debug|Any CPU
		{B80E5FDF-B977-420A-8D76-02CE34ADA41B}.Release|Any CPU.ActiveCfg = Release|Any CPU
		{B80E5FDF-B977-420A-8D76-02CE34ADA41B}.Release|Any CPU.Build.0 = Release|Any CPU
		{2BFACDC3-F44D-4199-8498-F5C3C4AC0335}.Debug|Any CPU.ActiveCfg = Debug|Any CPU
		{2BFACDC3-F44D-4199-8498-F5C3C4AC0335}.Debug|Any CPU.Build.0 = Debug|Any CPU
		{2BFACDC3-F44D-4199-8498-F5C3C4AC0335}.Release|Any CPU.ActiveCfg = Release|Any CPU
		{2BFACDC3-F44D-4199-8498-F5C3C4AC0335}.Release|Any CPU.Build.0 = Release|Any CPU
		{E461C0A8-8900-485C-B520-E929BA33F712}.Debug|Any CPU.ActiveCfg = Debug|Any CPU
		{E461C0A8-8900-485C-B520-E929BA33F712}.Debug|Any CPU.Build.0 = Debug|Any CPU
		{E461C0A8-8900-485C-B520-E929BA33F712}.Release|Any CPU.ActiveCfg = Release|Any CPU
		{E461C0A8-8900-485C-B520-E929BA33F712}.Release|Any CPU.Build.0 = Release|Any CPU
		{CCF2793D-F568-4AC2-8426-8F8F13425DF3}.Debug|Any CPU.ActiveCfg = Debug|Any CPU
		{CCF2793D-F568-4AC2-8426-8F8F13425DF3}.Debug|Any CPU.Build.0 = Debug|Any CPU
		{CCF2793D-F568-4AC2-8426-8F8F13425DF3}.Release|Any CPU.ActiveCfg = Release|Any CPU
		{CCF2793D-F568-4AC2-8426-8F8F13425DF3}.Release|Any CPU.Build.0 = Release|Any CPU
		{E3C73D6F-3A0B-47B5-A626-BFD31699B343}.Debug|Any CPU.ActiveCfg = Debug|Any CPU
		{E3C73D6F-3A0B-47B5-A626-BFD31699B343}.Debug|Any CPU.Build.0 = Debug|Any CPU
		{E3C73D6F-3A0B-47B5-A626-BFD31699B343}.Release|Any CPU.ActiveCfg = Release|Any CPU
		{E3C73D6F-3A0B-47B5-A626-BFD31699B343}.Release|Any CPU.Build.0 = Release|Any CPU
		{1DEA60F8-1130-4B79-A06B-B4DEB6E41CAA}.Debug|Any CPU.ActiveCfg = Debug|Any CPU
		{1DEA60F8-1130-4B79-A06B-B4DEB6E41CAA}.Debug|Any CPU.Build.0 = Debug|Any CPU
		{1DEA60F8-1130-4B79-A06B-B4DEB6E41CAA}.Release|Any CPU.ActiveCfg = Release|Any CPU
		{1DEA60F8-1130-4B79-A06B-B4DEB6E41CAA}.Release|Any CPU.Build.0 = Release|Any CPU
		{2DD347C4-3EB7-493F-B7A3-98C59D5552C4}.Debug|Any CPU.ActiveCfg = Debug|Any CPU
		{2DD347C4-3EB7-493F-B7A3-98C59D5552C4}.Debug|Any CPU.Build.0 = Debug|Any CPU
		{2DD347C4-3EB7-493F-B7A3-98C59D5552C4}.Release|Any CPU.ActiveCfg = Release|Any CPU
		{2DD347C4-3EB7-493F-B7A3-98C59D5552C4}.Release|Any CPU.Build.0 = Release|Any CPU
		{D9D49DB9-A767-4070-91EE-CBBC23BCEE9F}.Debug|Any CPU.ActiveCfg = Debug|Any CPU
		{D9D49DB9-A767-4070-91EE-CBBC23BCEE9F}.Debug|Any CPU.Build.0 = Debug|Any CPU
		{D9D49DB9-A767-4070-91EE-CBBC23BCEE9F}.Release|Any CPU.ActiveCfg = Release|Any CPU
		{D9D49DB9-A767-4070-91EE-CBBC23BCEE9F}.Release|Any CPU.Build.0 = Release|Any CPU
		{CB4B103A-234D-4CB9-80D7-0470E03BB4E0}.Debug|Any CPU.ActiveCfg = Debug|Any CPU
		{CB4B103A-234D-4CB9-80D7-0470E03BB4E0}.Debug|Any CPU.Build.0 = Debug|Any CPU
		{CB4B103A-234D-4CB9-80D7-0470E03BB4E0}.Release|Any CPU.ActiveCfg = Release|Any CPU
		{CB4B103A-234D-4CB9-80D7-0470E03BB4E0}.Release|Any CPU.Build.0 = Release|Any CPU
		{378833DF-2B86-41D9-8BF8-8B1A2D8664C4}.Debug|Any CPU.ActiveCfg = Debug|Any CPU
		{378833DF-2B86-41D9-8BF8-8B1A2D8664C4}.Debug|Any CPU.Build.0 = Debug|Any CPU
		{378833DF-2B86-41D9-8BF8-8B1A2D8664C4}.Release|Any CPU.ActiveCfg = Release|Any CPU
		{378833DF-2B86-41D9-8BF8-8B1A2D8664C4}.Release|Any CPU.Build.0 = Release|Any CPU
		{D614FA80-D264-4E2D-B07B-9515A14F9D1E}.Debug|Any CPU.ActiveCfg = Debug|Any CPU
		{D614FA80-D264-4E2D-B07B-9515A14F9D1E}.Debug|Any CPU.Build.0 = Debug|Any CPU
		{D614FA80-D264-4E2D-B07B-9515A14F9D1E}.Release|Any CPU.ActiveCfg = Release|Any CPU
		{D614FA80-D264-4E2D-B07B-9515A14F9D1E}.Release|Any CPU.Build.0 = Release|Any CPU
		{72F9A0B4-C40E-4A61-AD33-EEE562C6DA00}.Debug|Any CPU.ActiveCfg = Debug|Any CPU
		{72F9A0B4-C40E-4A61-AD33-EEE562C6DA00}.Debug|Any CPU.Build.0 = Debug|Any CPU
		{72F9A0B4-C40E-4A61-AD33-EEE562C6DA00}.Release|Any CPU.ActiveCfg = Release|Any CPU
		{72F9A0B4-C40E-4A61-AD33-EEE562C6DA00}.Release|Any CPU.Build.0 = Release|Any CPU
		{85072CF0-30F7-4CC9-AAD5-2583E5AE8EB7}.Debug|Any CPU.ActiveCfg = Debug|Any CPU
		{85072CF0-30F7-4CC9-AAD5-2583E5AE8EB7}.Debug|Any CPU.Build.0 = Debug|Any CPU
		{85072CF0-30F7-4CC9-AAD5-2583E5AE8EB7}.Release|Any CPU.ActiveCfg = Release|Any CPU
		{85072CF0-30F7-4CC9-AAD5-2583E5AE8EB7}.Release|Any CPU.Build.0 = Release|Any CPU
		{7B2600BF-3B72-4C84-BC3F-5DB4C5944129}.Debug|Any CPU.ActiveCfg = Debug|Any CPU
		{7B2600BF-3B72-4C84-BC3F-5DB4C5944129}.Debug|Any CPU.Build.0 = Debug|Any CPU
		{7B2600BF-3B72-4C84-BC3F-5DB4C5944129}.Release|Any CPU.ActiveCfg = Release|Any CPU
		{7B2600BF-3B72-4C84-BC3F-5DB4C5944129}.Release|Any CPU.Build.0 = Release|Any CPU
		{8FA75009-4798-40B4-9EEA-722E86342EEF}.Debug|Any CPU.ActiveCfg = Debug|Any CPU
		{8FA75009-4798-40B4-9EEA-722E86342EEF}.Debug|Any CPU.Build.0 = Debug|Any CPU
		{8FA75009-4798-40B4-9EEA-722E86342EEF}.Release|Any CPU.ActiveCfg = Release|Any CPU
		{8FA75009-4798-40B4-9EEA-722E86342EEF}.Release|Any CPU.Build.0 = Release|Any CPU
	EndGlobalSection
	GlobalSection(SolutionProperties) = preSolution
		HideSolutionNode = FALSE
	EndGlobalSection
	GlobalSection(NestedProjects) = preSolution
		{41C7FE38-461C-44E6-B821-BE677C496DDE} = {D3A898AD-4939-4C13-94DA-3809A444FBCE}
		{8ACCEC43-6F47-48DB-84EF-CB7A326B71D1} = {D3A898AD-4939-4C13-94DA-3809A444FBCE}
		{648B3D42-5BA3-4BA0-A4B8-D9EF1FBC9D4C} = {D3A898AD-4939-4C13-94DA-3809A444FBCE}
		{99D3BC2C-5100-44DD-A3A6-B8B75B77D420} = {135F80D9-0E36-4270-8B3D-6E86910C2D74}
		{AFE4230E-F690-46F9-8718-7535191FF559} = {0667996E-3BAD-4DB4-9ED4-F8C4C468A266}
		{6AC70A33-BCDA-44D1-AFAC-7C0A317A705F} = {AFE4230E-F690-46F9-8718-7535191FF559}
		{E8DE0930-6D41-4580-A616-C94BCE3ABB79} = {0667996E-3BAD-4DB4-9ED4-F8C4C468A266}
		{02B38E97-E584-4B81-90DE-C85850EE2D72} = {E8DE0930-6D41-4580-A616-C94BCE3ABB79}
		{0A73AC8D-E095-44AA-ABAE-3B4575352589} = {0667996E-3BAD-4DB4-9ED4-F8C4C468A266}
		{53281DA6-1934-4471-B5A7-A7037C2E37ED} = {0A73AC8D-E095-44AA-ABAE-3B4575352589}
		{759524C3-1A7B-4FA6-8713-B682CFB59255} = {0A73AC8D-E095-44AA-ABAE-3B4575352589}
		{8F26A750-7822-40B3-ACF2-78F465C917E9} = {0A73AC8D-E095-44AA-ABAE-3B4575352589}
		{2D8995AA-308B-414B-B80C-50703C583236} = {E57A67F3-1690-4A27-902A-A03DD1850E60}
		{EA01C8F0-1B5B-4D4B-BEA3-0FF2846AB8E0} = {E57A67F3-1690-4A27-902A-A03DD1850E60}
		{934D3D4E-B22B-494B-A05F-89D5508FF980} = {E57A67F3-1690-4A27-902A-A03DD1850E60}
		{2C49457B-F0EA-4BB0-8E21-28E52D7BA424} = {E57A67F3-1690-4A27-902A-A03DD1850E60}
		{9A2E34FA-0696-4343-A7DD-F6709C9914BB} = {2C49457B-F0EA-4BB0-8E21-28E52D7BA424}
		{E500046A-5A28-469E-9102-D45B31767995} = {2C49457B-F0EA-4BB0-8E21-28E52D7BA424}
		{E921D95B-809E-42B3-98B4-8F84BA1BFEAA} = {166EA248-B228-4BC9-A9F9-2260B5BC0CF0}
		{857F2A37-6706-4119-9116-0EAE1289B24B} = {E921D95B-809E-42B3-98B4-8F84BA1BFEAA}
		{842494DC-6043-46F2-8ADF-3234F50676EA} = {166EA248-B228-4BC9-A9F9-2260B5BC0CF0}
		{01CD85C6-73BD-44AC-8ED9-BDF538408212} = {842494DC-6043-46F2-8ADF-3234F50676EA}
		{EBF30C0B-16F5-49C0-AB09-ADE633A24392} = {166EA248-B228-4BC9-A9F9-2260B5BC0CF0}
		{82B0E6DC-1C13-416E-8593-C2645C43AD3C} = {EBF30C0B-16F5-49C0-AB09-ADE633A24392}
		{05C240E1-E335-4D4D-B157-A16C64066D01} = {EBF30C0B-16F5-49C0-AB09-ADE633A24392}
		{65F16439-F797-4EC7-95AD-97AFAF69A108} = {0366CC1F-7532-4429-B28B-6C6FC69FCA7A}
		{D1399218-0B59-4890-82C5-E508A8B09D82} = {65F16439-F797-4EC7-95AD-97AFAF69A108}
		{8BC5279B-3A07-4365-A74F-BEBE743E87E8} = {65F16439-F797-4EC7-95AD-97AFAF69A108}
		{E1AA0BF1-43DD-4913-A475-EBC06826F450} = {65F16439-F797-4EC7-95AD-97AFAF69A108}
		{CD2FFD6F-A017-4ADB-A081-22F93ED29D78} = {65F16439-F797-4EC7-95AD-97AFAF69A108}
		{8C5E9E6F-D2A8-43DA-8690-51BEF43ABA7C} = {0373988D-71FE-4984-8454-7449DC533527}
		{C8195C53-79F2-427D-A998-ABA6A76CAECB} = {0373988D-71FE-4984-8454-7449DC533527}
		{7E1B06F1-B8ED-41DE-A4BA-4E60E31E3E57} = {0373988D-71FE-4984-8454-7449DC533527}
		{203CD4B5-BBB1-4AC6-BEB2-356D63681D80} = {7E1B06F1-B8ED-41DE-A4BA-4E60E31E3E57}
		{B80E5FDF-B977-420A-8D76-02CE34ADA41B} = {7E1B06F1-B8ED-41DE-A4BA-4E60E31E3E57}
		{2BFACDC3-F44D-4199-8498-F5C3C4AC0335} = {65046AC1-B19B-486B-AADC-EC913FCAA0B0}
		{E461C0A8-8900-485C-B520-E929BA33F712} = {65046AC1-B19B-486B-AADC-EC913FCAA0B0}
		{CCF2793D-F568-4AC2-8426-8F8F13425DF3} = {A97CB77C-10AC-428E-9ED2-F9D4ABD9079E}
		{E3C73D6F-3A0B-47B5-A626-BFD31699B343} = {A97CB77C-10AC-428E-9ED2-F9D4ABD9079E}
		{1DEA60F8-1130-4B79-A06B-B4DEB6E41CAA} = {A97CB77C-10AC-428E-9ED2-F9D4ABD9079E}
		{ABEFA06B-57D4-4680-B979-F13814C4E455} = {A97CB77C-10AC-428E-9ED2-F9D4ABD9079E}
		{2DD347C4-3EB7-493F-B7A3-98C59D5552C4} = {ABEFA06B-57D4-4680-B979-F13814C4E455}
		{D9D49DB9-A767-4070-91EE-CBBC23BCEE9F} = {ABEFA06B-57D4-4680-B979-F13814C4E455}
		{D6A88F29-CB0E-40F8-B756-42E2195EFD7A} = {D37E6CDD-B106-45AE-922E-C45635CBB091}
		{CB4B103A-234D-4CB9-80D7-0470E03BB4E0} = {D6A88F29-CB0E-40F8-B756-42E2195EFD7A}
		{378833DF-2B86-41D9-8BF8-8B1A2D8664C4} = {D6A88F29-CB0E-40F8-B756-42E2195EFD7A}
		{D614FA80-D264-4E2D-B07B-9515A14F9D1E} = {D6A88F29-CB0E-40F8-B756-42E2195EFD7A}
		{AC47BF59-AAF9-4CE0-9146-50B3E0EB241A} = {D37E6CDD-B106-45AE-922E-C45635CBB091}
		{72F9A0B4-C40E-4A61-AD33-EEE562C6DA00} = {AC47BF59-AAF9-4CE0-9146-50B3E0EB241A}
		{85072CF0-30F7-4CC9-AAD5-2583E5AE8EB7} = {ED33E0FC-F2F8-4D22-A2A3-4D3E6408707F}
		{7B2600BF-3B72-4C84-BC3F-5DB4C5944129} = {1E198269-3841-46A0-88DC-74610F29F5EC}
		{8FA75009-4798-40B4-9EEA-722E86342EEF} = {DA9E2E71-A476-483B-8728-A4B8BDBB7875}
	EndGlobalSection
	GlobalSection(ExtensibilityGlobals) = postSolution
		SolutionGuid = {EAE08B8B-9B6A-4AB0-90A6-95965C1ECFC9}
	EndGlobalSection
EndGlobal
