
Microsoft Visual Studio Solution File, Format Version 12.00
# Visual Studio Version 16
VisualStudioVersion = 16.0.32228.343
MinimumVisualStudioVersion = 10.0.40219.1
Project("{2150E333-8FDC-42A3-9474-1A3956D46DE8}") = "Sample", "Sample", "{D3A898AD-4939-4C13-94DA-3809A444FBCE}"
EndProject
Project("{FAE04EC0-301F-11D3-BF4B-00C04F79EFBC}") = "ConsoleApp0411", "Sample\ConsoleApp0411\ConsoleApp0411.csproj", "{41C7FE38-461C-44E6-B821-BE677C496DDE}"
EndProject
Project("{FAE04EC0-301F-11D3-BF4B-00C04F79EFBC}") = "WindowsFormsApp1", "Sample\WindowsFormsApp1\WindowsFormsApp1.csproj", "{8ACCEC43-6F47-48DB-84EF-CB7A326B71D1}"
EndProject
Project("{FAE04EC0-301F-11D3-BF4B-00C04F79EFBC}") = "BallApp", "Sample\BallApp\BallApp.csproj", "{648B3D42-5BA3-4BA0-A4B8-D9EF1FBC9D4C}"
EndProject
Project("{2150E333-8FDC-42A3-9474-1A3956D46DE8}") = "Chapter01", "Chapter01", "{135F80D9-0E36-4270-8B3D-6E86910C2D74}"
EndProject
Project("{FAE04EC0-301F-11D3-BF4B-00C04F79EFBC}") = "ProductSample", "Chapter01\Product\ProductSample.csproj", "{99D3BC2C-5100-44DD-A3A6-B8B75B77D420}"
EndProject
Project("{2150E333-8FDC-42A3-9474-1A3956D46DE8}") = "Chapter02", "Chapter02", "{0667996E-3BAD-4DB4-9ED4-F8C4C468A266}"
EndProject
Project("{2150E333-8FDC-42A3-9474-1A3956D46DE8}") = "距離換算プログラム", "距離換算プログラム", "{AFE4230E-F690-46F9-8718-7535191FF559}"
EndProject
Project("{FAE04EC0-301F-11D3-BF4B-00C04F79EFBC}") = "DistanceConverter", "Chapter02\距離換算プログラム\DistanceConverter\DistanceConverter.csproj", "{6AC70A33-BCDA-44D1-AFAC-7C0A317A705F}"
EndProject
Project("{2150E333-8FDC-42A3-9474-1A3956D46DE8}") = "売り上げ集計プログラム", "売り上げ集計プログラム", "{E8DE0930-6D41-4580-A616-C94BCE3ABB79}"
EndProject
Project("{FAE04EC0-301F-11D3-BF4B-00C04F79EFBC}") = "SalesCalculator", "Chapter02\売り上げ集計プログラム\SalesCalculator\SalesCalculator.csproj", "{02B38E97-E584-4B81-90DE-C85850EE2D72}"
EndProject
Project("{2150E333-8FDC-42A3-9474-1A3956D46DE8}") = "演習問題", "演習問題", "{0A73AC8D-E095-44AA-ABAE-3B4575352589}"
EndProject
Project("{FAE04EC0-301F-11D3-BF4B-00C04F79EFBC}") = "Exercise01", "Chapter02\演習問題\Exercise01\Exercise01.csproj", "{53281DA6-1934-4471-B5A7-A7037C2E37ED}"
EndProject
Project("{FAE04EC0-301F-11D3-BF4B-00C04F79EFBC}") = "Exercise02", "Chapter02\演習問題\Exercise02\Exercise02.csproj", "{759524C3-1A7B-4FA6-8713-B682CFB59255}"
EndProject
Project("{FAE04EC0-301F-11D3-BF4B-00C04F79EFBC}") = "Exercise03", "Chapter02\演習問題\Exercise03\Exercise03.csproj", "{8F26A750-7822-40B3-ACF2-78F465C917E9}"
EndProject
Project("{2150E333-8FDC-42A3-9474-1A3956D46DE8}") = "Chapter03", "Chapter03", "{E57A67F3-1690-4A27-902A-A03DD1850E60}"
EndProject
Project("{FAE04EC0-301F-11D3-BF4B-00C04F79EFBC}") = "Section01", "Chapter03\Section01\Section01.csproj", "{2D8995AA-308B-414B-B80C-50703C583236}"
EndProject
Project("{FAE04EC0-301F-11D3-BF4B-00C04F79EFBC}") = "Section03", "Chapter03\Section03\Section03.csproj", "{EA01C8F0-1B5B-4D4B-BEA3-0FF2846AB8E0}"
EndProject
Global
	GlobalSection(SolutionConfigurationPlatforms) = preSolution
		Debug|Any CPU = Debug|Any CPU
		Release|Any CPU = Release|Any CPU
	EndGlobalSection
	GlobalSection(ProjectConfigurationPlatforms) = postSolution
		{41C7FE38-461C-44E6-B821-BE677C496DDE}.Debug|Any CPU.ActiveCfg = Debug|Any CPU
		{41C7FE38-461C-44E6-B821-BE677C496DDE}.Debug|Any CPU.Build.0 = Debug|Any CPU
		{41C7FE38-461C-44E6-B821-BE677C496DDE}.Release|Any CPU.ActiveCfg = Release|Any CPU
		{41C7FE38-461C-44E6-B821-BE677C496DDE}.Release|Any CPU.Build.0 = Release|Any CPU
		{8ACCEC43-6F47-48DB-84EF-CB7A326B71D1}.Debug|Any CPU.ActiveCfg = Debug|Any CPU
		{8ACCEC43-6F47-48DB-84EF-CB7A326B71D1}.Debug|Any CPU.Build.0 = Debug|Any CPU
		{8ACCEC43-6F47-48DB-84EF-CB7A326B71D1}.Release|Any CPU.ActiveCfg = Release|Any CPU
		{8ACCEC43-6F47-48DB-84EF-CB7A326B71D1}.Release|Any CPU.Build.0 = Release|Any CPU
		{648B3D42-5BA3-4BA0-A4B8-D9EF1FBC9D4C}.Debug|Any CPU.ActiveCfg = Debug|Any CPU
		{648B3D42-5BA3-4BA0-A4B8-D9EF1FBC9D4C}.Debug|Any CPU.Build.0 = Debug|Any CPU
		{648B3D42-5BA3-4BA0-A4B8-D9EF1FBC9D4C}.Release|Any CPU.ActiveCfg = Release|Any CPU
		{648B3D42-5BA3-4BA0-A4B8-D9EF1FBC9D4C}.Release|Any CPU.Build.0 = Release|Any CPU
		{99D3BC2C-5100-44DD-A3A6-B8B75B77D420}.Debug|Any CPU.ActiveCfg = Debug|Any CPU
		{99D3BC2C-5100-44DD-A3A6-B8B75B77D420}.Debug|Any CPU.Build.0 = Debug|Any CPU
		{99D3BC2C-5100-44DD-A3A6-B8B75B77D420}.Release|Any CPU.ActiveCfg = Release|Any CPU
		{99D3BC2C-5100-44DD-A3A6-B8B75B77D420}.Release|Any CPU.Build.0 = Release|Any CPU
		{6AC70A33-BCDA-44D1-AFAC-7C0A317A705F}.Debug|Any CPU.ActiveCfg = Debug|Any CPU
		{6AC70A33-BCDA-44D1-AFAC-7C0A317A705F}.Debug|Any CPU.Build.0 = Debug|Any CPU
		{6AC70A33-BCDA-44D1-AFAC-7C0A317A705F}.Release|Any CPU.ActiveCfg = Release|Any CPU
		{6AC70A33-BCDA-44D1-AFAC-7C0A317A705F}.Release|Any CPU.Build.0 = Release|Any CPU
		{02B38E97-E584-4B81-90DE-C85850EE2D72}.Debug|Any CPU.ActiveCfg = Debug|Any CPU
		{02B38E97-E584-4B81-90DE-C85850EE2D72}.Debug|Any CPU.Build.0 = Debug|Any CPU
		{02B38E97-E584-4B81-90DE-C85850EE2D72}.Release|Any CPU.ActiveCfg = Release|Any CPU
		{02B38E97-E584-4B81-90DE-C85850EE2D72}.Release|Any CPU.Build.0 = Release|Any CPU
		{53281DA6-1934-4471-B5A7-A7037C2E37ED}.Debug|Any CPU.ActiveCfg = Debug|Any CPU
		{53281DA6-1934-4471-B5A7-A7037C2E37ED}.Debug|Any CPU.Build.0 = Debug|Any CPU
		{53281DA6-1934-4471-B5A7-A7037C2E37ED}.Release|Any CPU.ActiveCfg = Release|Any CPU
		{53281DA6-1934-4471-B5A7-A7037C2E37ED}.Release|Any CPU.Build.0 = Release|Any CPU
		{759524C3-1A7B-4FA6-8713-B682CFB59255}.Debug|Any CPU.ActiveCfg = Debug|Any CPU
		{759524C3-1A7B-4FA6-8713-B682CFB59255}.Debug|Any CPU.Build.0 = Debug|Any CPU
		{759524C3-1A7B-4FA6-8713-B682CFB59255}.Release|Any CPU.ActiveCfg = Release|Any CPU
		{759524C3-1A7B-4FA6-8713-B682CFB59255}.Release|Any CPU.Build.0 = Release|Any CPU
		{8F26A750-7822-40B3-ACF2-78F465C917E9}.Debug|Any CPU.ActiveCfg = Debug|Any CPU
		{8F26A750-7822-40B3-ACF2-78F465C917E9}.Debug|Any CPU.Build.0 = Debug|Any CPU
		{8F26A750-7822-40B3-ACF2-78F465C917E9}.Release|Any CPU.ActiveCfg = Release|Any CPU
		{8F26A750-7822-40B3-ACF2-78F465C917E9}.Release|Any CPU.Build.0 = Release|Any CPU
		{2D8995AA-308B-414B-B80C-50703C583236}.Debug|Any CPU.ActiveCfg = Debug|Any CPU
		{2D8995AA-308B-414B-B80C-50703C583236}.Debug|Any CPU.Build.0 = Debug|Any CPU
		{2D8995AA-308B-414B-B80C-50703C583236}.Release|Any CPU.ActiveCfg = Release|Any CPU
		{2D8995AA-308B-414B-B80C-50703C583236}.Release|Any CPU.Build.0 = Release|Any CPU
		{EA01C8F0-1B5B-4D4B-BEA3-0FF2846AB8E0}.Debug|Any CPU.ActiveCfg = Debug|Any CPU
		{EA01C8F0-1B5B-4D4B-BEA3-0FF2846AB8E0}.Debug|Any CPU.Build.0 = Debug|Any CPU
		{EA01C8F0-1B5B-4D4B-BEA3-0FF2846AB8E0}.Release|Any CPU.ActiveCfg = Release|Any CPU
		{EA01C8F0-1B5B-4D4B-BEA3-0FF2846AB8E0}.Release|Any CPU.Build.0 = Release|Any CPU
	EndGlobalSection
	GlobalSection(SolutionProperties) = preSolution
		HideSolutionNode = FALSE
	EndGlobalSection
	GlobalSection(NestedProjects) = preSolution
		{41C7FE38-461C-44E6-B821-BE677C496DDE} = {D3A898AD-4939-4C13-94DA-3809A444FBCE}
		{8ACCEC43-6F47-48DB-84EF-CB7A326B71D1} = {D3A898AD-4939-4C13-94DA-3809A444FBCE}
		{648B3D42-5BA3-4BA0-A4B8-D9EF1FBC9D4C} = {D3A898AD-4939-4C13-94DA-3809A444FBCE}
		{99D3BC2C-5100-44DD-A3A6-B8B75B77D420} = {135F80D9-0E36-4270-8B3D-6E86910C2D74}
		{AFE4230E-F690-46F9-8718-7535191FF559} = {0667996E-3BAD-4DB4-9ED4-F8C4C468A266}
		{6AC70A33-BCDA-44D1-AFAC-7C0A317A705F} = {AFE4230E-F690-46F9-8718-7535191FF559}
		{E8DE0930-6D41-4580-A616-C94BCE3ABB79} = {0667996E-3BAD-4DB4-9ED4-F8C4C468A266}
		{02B38E97-E584-4B81-90DE-C85850EE2D72} = {E8DE0930-6D41-4580-A616-C94BCE3ABB79}
		{0A73AC8D-E095-44AA-ABAE-3B4575352589} = {0667996E-3BAD-4DB4-9ED4-F8C4C468A266}
		{53281DA6-1934-4471-B5A7-A7037C2E37ED} = {0A73AC8D-E095-44AA-ABAE-3B4575352589}
		{759524C3-1A7B-4FA6-8713-B682CFB59255} = {0A73AC8D-E095-44AA-ABAE-3B4575352589}
		{8F26A750-7822-40B3-ACF2-78F465C917E9} = {0A73AC8D-E095-44AA-ABAE-3B4575352589}
		{2D8995AA-308B-414B-B80C-50703C583236} = {E57A67F3-1690-4A27-902A-A03DD1850E60}
		{EA01C8F0-1B5B-4D4B-BEA3-0FF2846AB8E0} = {E57A67F3-1690-4A27-902A-A03DD1850E60}
	EndGlobalSection
	GlobalSection(ExtensibilityGlobals) = postSolution
		SolutionGuid = {EAE08B8B-9B6A-4AB0-90A6-95965C1ECFC9}
	EndGlobalSection
EndGlobal
