
Microsoft Visual Studio Solution File, Format Version 12.00
# Visual Studio Version 16
VisualStudioVersion = 16.0.32228.343
MinimumVisualStudioVersion = 10.0.40219.1
Project("{2150E333-8FDC-42A3-9474-1A3956D46DE8}") = "Sample", "Sample", "{D3A898AD-4939-4C13-94DA-3809A444FBCE}"
EndProject
Project("{FAE04EC0-301F-11D3-BF4B-00C04F79EFBC}") = "ConsoleApp0411", "Sample\ConsoleApp0411\ConsoleApp0411.csproj", "{41C7FE38-461C-44E6-B821-BE677C496DDE}"
EndProject
Project("{FAE04EC0-301F-11D3-BF4B-00C04F79EFBC}") = "WindowsFormsApp1", "Sample\WindowsFormsApp1\WindowsFormsApp1.csproj", "{8ACCEC43-6F47-48DB-84EF-CB7A326B71D1}"
EndProject
Global
	GlobalSection(SolutionConfigurationPlatforms) = preSolution
		Debug|Any CPU = Debug|Any CPU
		Release|Any CPU = Release|Any CPU
	EndGlobalSection
	GlobalSection(ProjectConfigurationPlatforms) = postSolution
		{41C7FE38-461C-44E6-B821-BE677C496DDE}.Debug|Any CPU.ActiveCfg = Debug|Any CPU
		{41C7FE38-461C-44E6-B821-BE677C496DDE}.Debug|Any CPU.Build.0 = Debug|Any CPU
		{41C7FE38-461C-44E6-B821-BE677C496DDE}.Release|Any CPU.ActiveCfg = Release|Any CPU
		{41C7FE38-461C-44E6-B821-BE677C496DDE}.Release|Any CPU.Build.0 = Release|Any CPU
		{8ACCEC43-6F47-48DB-84EF-CB7A326B71D1}.Debug|Any CPU.ActiveCfg = Debug|Any CPU
		{8ACCEC43-6F47-48DB-84EF-CB7A326B71D1}.Debug|Any CPU.Build.0 = Debug|Any CPU
		{8ACCEC43-6F47-48DB-84EF-CB7A326B71D1}.Release|Any CPU.ActiveCfg = Release|Any CPU
		{8ACCEC43-6F47-48DB-84EF-CB7A326B71D1}.Release|Any CPU.Build.0 = Release|Any CPU
	EndGlobalSection
	GlobalSection(SolutionProperties) = preSolution
		HideSolutionNode = FALSE
	EndGlobalSection
	GlobalSection(NestedProjects) = preSolution
		{41C7FE38-461C-44E6-B821-BE677C496DDE} = {D3A898AD-4939-4C13-94DA-3809A444FBCE}
		{8ACCEC43-6F47-48DB-84EF-CB7A326B71D1} = {D3A898AD-4939-4C13-94DA-3809A444FBCE}
	EndGlobalSection
	GlobalSection(ExtensibilityGlobals) = postSolution
		SolutionGuid = {EAE08B8B-9B6A-4AB0-90A6-95965C1ECFC9}
	EndGlobalSection
EndGlobal
